
Microsoft Visual Studio Solution File, Format Version 12.00
# Visual Studio Version 17
VisualStudioVersion = 17.3.32929.385
MinimumVisualStudioVersion = 10.0.40219.1
Project("{9A19103F-16F7-4668-BE54-9A1E7A4F7556}") = "UtilLibs", "UtilLibs\UtilLibs.csproj", "{BFA3D6B9-F435-448E-B1A0-0D33F944CEB3}"
EndProject
Project("{2150E333-8FDC-42A3-9474-1A3956D46DE8}") = "Solution Items", "Solution Items", "{24F61C11-CC87-4DFE-A4CF-659E31DFF121}"
	ProjectSection(SolutionItems) = preProject
		.github\workflows\Automatic_BuildOnCommit_PreviewRelease.yml = .github\workflows\Automatic_BuildOnCommit_PreviewRelease.yml
		.github\workflows\Automatic_BuildOnPR.yml = .github\workflows\Automatic_BuildOnPR.yml
		Directory.Build.props = Directory.Build.props
		Directory.Build.targets = Directory.Build.targets
		Directory.Build.props.user = Directory.Build.props.user
		.github\workflows\Manual_BuildAllMods_MainRelease.yml = .github\workflows\Manual_BuildAllMods_MainRelease.yml
		ModThatBroke.txt = ModThatBroke.txt
		ModVersionData.json = ModVersionData.json
		README.md = README.md
		steam_compat.md = steam_compat.md
		TODO.txt = TODO.txt
		UpdatedOniTemplate.zip = UpdatedOniTemplate.zip
	EndProjectSection
EndProject
Project("{9A19103F-16F7-4668-BE54-9A1E7A4F7556}") = "1_CycleComma", "1LineCrasher\1_CycleComma.csproj", "{1F037F3F-1961-48BD-9A89-BAC700BBB414}"
EndProject
Project("{9A19103F-16F7-4668-BE54-9A1E7A4F7556}") = "UL_UniversalLyzer", "UL_UniversalLyzer\UL_UniversalLyzer.csproj", "{A6EC01CD-EC34-4618-A6CC-FB33AC200700}"
EndProject
Project("{9A19103F-16F7-4668-BE54-9A1E7A4F7556}") = "_WorldGenStateCapture", "_WorldGenStateCapture\_WorldGenStateCapture.csproj", "{B74CE776-4827-47A2-8857-844A88C1C06F}"
EndProject
Global
	GlobalSection(SolutionConfigurationPlatforms) = preSolution
		Debug|Any CPU = Debug|Any CPU
		Release|Any CPU = Release|Any CPU
	EndGlobalSection
	GlobalSection(ProjectConfigurationPlatforms) = postSolution
		{BFA3D6B9-F435-448E-B1A0-0D33F944CEB3}.Debug|Any CPU.ActiveCfg = Debug|Any CPU
		{BFA3D6B9-F435-448E-B1A0-0D33F944CEB3}.Debug|Any CPU.Build.0 = Debug|Any CPU
		{BFA3D6B9-F435-448E-B1A0-0D33F944CEB3}.Release|Any CPU.ActiveCfg = Release|Any CPU
		{BFA3D6B9-F435-448E-B1A0-0D33F944CEB3}.Release|Any CPU.Build.0 = Release|Any CPU
		{1F037F3F-1961-48BD-9A89-BAC700BBB414}.Debug|Any CPU.ActiveCfg = Debug|Any CPU
		{1F037F3F-1961-48BD-9A89-BAC700BBB414}.Debug|Any CPU.Build.0 = Debug|Any CPU
		{1F037F3F-1961-48BD-9A89-BAC700BBB414}.Release|Any CPU.ActiveCfg = Release|Any CPU
		{A6EC01CD-EC34-4618-A6CC-FB33AC200700}.Debug|Any CPU.ActiveCfg = Debug|Any CPU
		{A6EC01CD-EC34-4618-A6CC-FB33AC200700}.Debug|Any CPU.Build.0 = Debug|Any CPU
		{A6EC01CD-EC34-4618-A6CC-FB33AC200700}.Release|Any CPU.ActiveCfg = Release|Any CPU
		{A6EC01CD-EC34-4618-A6CC-FB33AC200700}.Release|Any CPU.Build.0 = Release|Any CPU
		{B74CE776-4827-47A2-8857-844A88C1C06F}.Debug|Any CPU.ActiveCfg = Debug|Any CPU
		{B74CE776-4827-47A2-8857-844A88C1C06F}.Debug|Any CPU.Build.0 = Debug|Any CPU
		{B74CE776-4827-47A2-8857-844A88C1C06F}.Release|Any CPU.ActiveCfg = Release|Any CPU
	EndGlobalSection
	GlobalSection(SolutionProperties) = preSolution
		HideSolutionNode = FALSE
	EndGlobalSection
	GlobalSection(ExtensibilityGlobals) = postSolution
		SolutionGuid = {898228DF-1C3B-4527-B10D-83145966681D}
	EndGlobalSection
EndGlobal
